
Microsoft Visual Studio Solution File, Format Version 12.00
# Visual Studio Version 16
VisualStudioVersion = 16.0.30907.101
MinimumVisualStudioVersion = 10.0.40219.1
Project("{FAE04EC0-301F-11D3-BF4B-00C04F79EFBC}") = "MaterialDashboard", "MaterialDashboard\MaterialDashboard.csproj", "{FFA98587-D080-48E4-B38B-2F0A8B4D6C58}"
EndProject
Global
	GlobalSection(SolutionConfigurationPlatforms) = preSolution
		Debug|Any CPU = Debug|Any CPU
		Release|Any CPU = Release|Any CPU
	EndGlobalSection
	GlobalSection(ProjectConfigurationPlatforms) = postSolution
		{FFA98587-D080-48E4-B38B-2F0A8B4D6C58}.Debug|Any CPU.ActiveCfg = Debug|Any CPU
		{FFA98587-D080-48E4-B38B-2F0A8B4D6C58}.Debug|Any CPU.Build.0 = Debug|Any CPU
		{FFA98587-D080-48E4-B38B-2F0A8B4D6C58}.Release|Any CPU.ActiveCfg = Release|Any CPU
		{FFA98587-D080-48E4-B38B-2F0A8B4D6C58}.Release|Any CPU.Build.0 = Release|Any CPU
	EndGlobalSection
	GlobalSection(SolutionProperties) = preSolution
		HideSolutionNode = FALSE
	EndGlobalSection
	GlobalSection(ExtensibilityGlobals) = postSolution
		SolutionGuid = {311012B0-8E3B-4ABB-931E-AD15318C7996}
	EndGlobalSection
EndGlobal
